
Microsoft Visual Studio Solution File, Format Version 12.00
# Visual Studio Version 17
VisualStudioVersion = 17.5.002.0
MinimumVisualStudioVersion = 10.0.40219.1
Project("{9A19103F-16F7-4668-BE54-9A1E7A4F7556}") = "teste01", "teste01.csproj", "{A9AD2253-1925-4B27-A45D-4B4D2B4A6A82}"
EndProject
Global
	GlobalSection(SolutionConfigurationPlatforms) = preSolution
		Debug|Any CPU = Debug|Any CPU
		Release|Any CPU = Release|Any CPU
	EndGlobalSection
	GlobalSection(ProjectConfigurationPlatforms) = postSolution
		{A9AD2253-1925-4B27-A45D-4B4D2B4A6A82}.Debug|Any CPU.ActiveCfg = Debug|Any CPU
		{A9AD2253-1925-4B27-A45D-4B4D2B4A6A82}.Debug|Any CPU.Build.0 = Debug|Any CPU
		{A9AD2253-1925-4B27-A45D-4B4D2B4A6A82}.Release|Any CPU.ActiveCfg = Release|Any CPU
		{A9AD2253-1925-4B27-A45D-4B4D2B4A6A82}.Release|Any CPU.Build.0 = Release|Any CPU
	EndGlobalSection
	GlobalSection(SolutionProperties) = preSolution
		HideSolutionNode = FALSE
	EndGlobalSection
	GlobalSection(ExtensibilityGlobals) = postSolution
		SolutionGuid = {6EE14167-EEE1-4F33-9F9C-ABA1A5A7A833}
	EndGlobalSection
EndGlobal
